
Microsoft Visual Studio Solution File, Format Version 12.00
# Visual Studio Version 17
VisualStudioVersion = 17.11.35312.102
MinimumVisualStudioVersion = 10.0.40219.1
Project("{FAE04EC0-301F-11D3-BF4B-00C04F79EFBC}") = "School_Project---News_Portal", "School_Project---News_Portal\School_Project---News_Portal.csproj", "{20724E45-D518-4177-9A4D-6C35B5084F5F}"
EndProject
Global
	GlobalSection(SolutionConfigurationPlatforms) = preSolution
		Debug|Any CPU = Debug|Any CPU
		Release|Any CPU = Release|Any CPU
	EndGlobalSection
	GlobalSection(ProjectConfigurationPlatforms) = postSolution
		{20724E45-D518-4177-9A4D-6C35B5084F5F}.Debug|Any CPU.ActiveCfg = Debug|Any CPU
		{20724E45-D518-4177-9A4D-6C35B5084F5F}.Debug|Any CPU.Build.0 = Debug|Any CPU
		{20724E45-D518-4177-9A4D-6C35B5084F5F}.Release|Any CPU.ActiveCfg = Release|Any CPU
		{20724E45-D518-4177-9A4D-6C35B5084F5F}.Release|Any CPU.Build.0 = Release|Any CPU
	EndGlobalSection
	GlobalSection(SolutionProperties) = preSolution
		HideSolutionNode = FALSE
	EndGlobalSection
	GlobalSection(ExtensibilityGlobals) = postSolution
		SolutionGuid = {9036DB2B-3A06-4B2F-BB21-FE549227CBC7}
	EndGlobalSection
EndGlobal
